
Microsoft Visual Studio Solution File, Format Version 12.00
# Visual Studio 15
VisualStudioVersion = 15.0.28307.168
MinimumVisualStudioVersion = 10.0.40219.1
Project("{9A19103F-16F7-4668-BE54-9A1E7A4F7556}") = "Microsoft.Azure.Management.ImageBuilder", "src\Microsoft.Azure.Management.ImageBuilder.csproj", "{B24D7401-513C-4C3C-8EDF-183A0FBBED3C}"
EndProject
Project("{9A19103F-16F7-4668-BE54-9A1E7A4F7556}") = "Microsoft.Azure.Management.ImageBuilder.Tests", "tests\Microsoft.Azure.Management.ImageBuilder.Tests.csproj", "{F70306B5-8ED1-4BBF-BAB6-98EAF4A500E8}"
EndProject
Global
	GlobalSection(SolutionConfigurationPlatforms) = preSolution
		Debug|Any CPU = Debug|Any CPU
		Release|Any CPU = Release|Any CPU
	EndGlobalSection
	GlobalSection(ProjectConfigurationPlatforms) = postSolution
		{B24D7401-513C-4C3C-8EDF-183A0FBBED3C}.Debug|Any CPU.ActiveCfg = Debug|Any CPU
		{B24D7401-513C-4C3C-8EDF-183A0FBBED3C}.Debug|Any CPU.Build.0 = Debug|Any CPU
		{B24D7401-513C-4C3C-8EDF-183A0FBBED3C}.Release|Any CPU.ActiveCfg = Release|Any CPU
		{B24D7401-513C-4C3C-8EDF-183A0FBBED3C}.Release|Any CPU.Build.0 = Release|Any CPU
		{F70306B5-8ED1-4BBF-BAB6-98EAF4A500E8}.Debug|Any CPU.ActiveCfg = Debug|Any CPU
		{F70306B5-8ED1-4BBF-BAB6-98EAF4A500E8}.Debug|Any CPU.Build.0 = Debug|Any CPU
		{F70306B5-8ED1-4BBF-BAB6-98EAF4A500E8}.Release|Any CPU.ActiveCfg = Release|Any CPU
		{F70306B5-8ED1-4BBF-BAB6-98EAF4A500E8}.Release|Any CPU.Build.0 = Release|Any CPU
	EndGlobalSection
	GlobalSection(SolutionProperties) = preSolution
		HideSolutionNode = FALSE
	EndGlobalSection
	GlobalSection(ExtensibilityGlobals) = postSolution
		SolutionGuid = {DCBE340D-AB1C-40DE-9844-7DE4AC065C01}
	EndGlobalSection
EndGlobal
